
Microsoft Visual Studio Solution File, Format Version 12.00
# Visual Studio Version 17
VisualStudioVersion = 17.2.32630.192
MinimumVisualStudioVersion = 10.0.40219.1
Project("{9A19103F-16F7-4668-BE54-9A1E7A4F7556}") = "Project_WebMVC", "PRN211.M4_G1_A3\Project_WebMVC.csproj", "{FF25CFC3-1403-440E-8D9F-7AC376F6B447}"
EndProject
Global
	GlobalSection(SolutionConfigurationPlatforms) = preSolution
		Debug|Any CPU = Debug|Any CPU
		Release|Any CPU = Release|Any CPU
	EndGlobalSection
	GlobalSection(ProjectConfigurationPlatforms) = postSolution
		{FF25CFC3-1403-440E-8D9F-7AC376F6B447}.Debug|Any CPU.ActiveCfg = Debug|Any CPU
		{FF25CFC3-1403-440E-8D9F-7AC376F6B447}.Debug|Any CPU.Build.0 = Debug|Any CPU
		{FF25CFC3-1403-440E-8D9F-7AC376F6B447}.Release|Any CPU.ActiveCfg = Release|Any CPU
		{FF25CFC3-1403-440E-8D9F-7AC376F6B447}.Release|Any CPU.Build.0 = Release|Any CPU
	EndGlobalSection
	GlobalSection(SolutionProperties) = preSolution
		HideSolutionNode = FALSE
	EndGlobalSection
	GlobalSection(ExtensibilityGlobals) = postSolution
		SolutionGuid = {7765BC8E-CCB2-49EA-90A0-A876D55EF75E}
	EndGlobalSection
EndGlobal
